# Run ./gradlew --write-locks to regenerate this file
com.fasterxml.jackson.core:jackson-annotations:2.10.3 (1 constraints: 86122f21)
com.fasterxml.jackson.core:jackson-core:2.10.3 (1 constraints: 86122f21)
com.fasterxml.jackson.core:jackson-databind:2.10.3 (1 constraints: ba0df43c)
com.fasterxml.woodstox:woodstox-core:5.0.3 (1 constraints: 8c0d472f)
com.github.stephenc.jcip:jcip-annotations:1.0-1 (1 constraints: 930cbb09)
com.google.code.findbugs:jsr305:3.0.2 (3 constraints: 5527af58)
com.google.code.gson:gson:2.2.4 (1 constraints: 8c0d3f2f)
com.google.errorprone:error_prone_annotations:2.3.4 (1 constraints: 1b0af2b4)
com.google.guava:failureaccess:1.0.1 (1 constraints: 140ae1b4)
com.google.guava:guava:30.0-jre (3 constraints: 0623e341)
com.google.guava:listenablefuture:9999.0-empty-to-avoid-conflict-with-guava (1 constraints: bd17c918)
com.google.j2objc:j2objc-annotations:1.3 (1 constraints: b809eda0)
com.google.protobuf:protobuf-java:2.5.0 (1 constraints: 8b0d442f)
com.google.re2j:re2j:1.1 (1 constraints: 280d5714)
com.jcraft:jsch:0.1.55 (1 constraints: bf0df23c)
com.nimbusds:nimbus-jose-jwt:7.9 (2 constraints: e2197dfe)
com.palantir.seek-io:seek-io:1.3.0 (1 constraints: 0605f935)
com.sun.jersey:jersey-core:1.19 (3 constraints: 92254652)
com.sun.jersey:jersey-json:1.19 (1 constraints: 610db821)
com.sun.jersey:jersey-server:1.19 (2 constraints: 561ae126)
com.sun.jersey:jersey-servlet:1.19 (1 constraints: 610db821)
com.sun.xml.bind:jaxb-impl:2.2.3-1 (1 constraints: 330c2404)
com.thoughtworks.paranamer:paranamer:2.3 (1 constraints: ef08468a)
commons-beanutils:commons-beanutils:1.9.4 (1 constraints: 920d4f2f)
commons-cli:commons-cli:1.2 (1 constraints: 290d5814)
commons-codec:commons-codec:1.15 (4 constraints: a52e7777)
commons-collections:commons-collections:3.2.2 (3 constraints: 4b227904)
commons-io:commons-io:2.5 (2 constraints: 2419f3ca)
commons-logging:commons-logging:1.2 (5 constraints: 914263d4)
commons-net:commons-net:3.6 (1 constraints: 2f0d6214)
dnsjava:dnsjava:2.1.7 (1 constraints: 8e0d3f2f)
io.netty:netty-buffer:4.1.42.Final (5 constraints: b74d7d63)
io.netty:netty-codec:4.1.42.Final (1 constraints: 9e0c9109)
io.netty:netty-common:4.1.42.Final (7 constraints: 216747ae)
io.netty:netty-handler:4.1.42.Final (1 constraints: d30fdc8e)
io.netty:netty-resolver:4.1.42.Final (1 constraints: ad0d5c2e)
io.netty:netty-transport:4.1.42.Final (4 constraints: 0b403b6b)
io.netty:netty-transport-native-epoll:4.1.42.Final (1 constraints: d30fdc8e)
io.netty:netty-transport-native-unix-common:4.1.42.Final (1 constraints: aa12c21e)
javax.activation:activation:1.1 (1 constraints: e609cdaa)
javax.activation:javax.activation-api:1.2.0 (1 constraints: 870d362f)
javax.servlet:javax.servlet-api:3.1.0 (2 constraints: 0a1bb867)
javax.servlet.jsp:jsp-api:2.1 (1 constraints: 290d5a14)
javax.ws.rs:jsr311-api:1.1.1 (1 constraints: c00b12eb)
javax.xml.bind:jaxb-api:2.2.2 (1 constraints: 690bc8e3)
javax.xml.stream:stax-api:1.0-2 (1 constraints: 440a22bf)
log4j:log4j:1.2.17 (5 constraints: 5437c818)
net.java.dev.jna:jna:5.5.0 (1 constraints: a80ee955)
net.minidev:accessors-smart:1.2 (1 constraints: e60926a4)
net.minidev:json-smart:2.3 (2 constraints: 611a4d4c)
net.sf.jopt-simple:jopt-simple:4.6 (1 constraints: 610a91b7)
org.apache.avro:avro:1.7.7 (1 constraints: 930d4c2f)
org.apache.commons:commons-compress:1.19 (2 constraints: ae164029)
org.apache.commons:commons-configuration2:2.1.1 (1 constraints: 880d392f)
org.apache.commons:commons-crypto:1.1.0 (1 constraints: 0405f335)
org.apache.commons:commons-lang3:3.7 (2 constraints: 9d1af02b)
org.apache.commons:commons-math3:3.6.1 (3 constraints: ef1c9626)
org.apache.commons:commons-text:1.4 (1 constraints: 2b0d5a14)
org.apache.curator:curator-client:4.2.0 (2 constraints: 621d7b33)
org.apache.curator:curator-framework:4.2.0 (2 constraints: a81b1baf)
org.apache.curator:curator-recipes:4.2.0 (1 constraints: 8a0d452f)
org.apache.hadoop:hadoop-annotations:3.3.0 (1 constraints: 8a0d432f)
org.apache.hadoop:hadoop-auth:3.3.0 (1 constraints: 8a0d432f)
org.apache.hadoop:hadoop-common:3.3.0 (1 constraints: 08050336)
org.apache.hadoop.thirdparty:hadoop-shaded-protobuf_3_7:1.0.0 (1 constraints: 850d302f)
org.apache.htrace:htrace-core4:4.1.0-incubating (1 constraints: da11d6dc)
org.apache.httpcomponents:httpclient:4.5.13 (3 constraints: 8c1f6611)
org.apache.httpcomponents:httpcore:4.4.13 (2 constraints: 961565ce)
org.apache.kerby:kerb-admin:1.0.1 (1 constraints: 840d892f)
org.apache.kerby:kerb-client:1.0.1 (1 constraints: 840d892f)
org.apache.kerby:kerb-common:1.0.1 (2 constraints: a51841ca)
org.apache.kerby:kerb-core:1.0.1 (6 constraints: 994cb1c9)
org.apache.kerby:kerb-crypto:1.0.1 (2 constraints: d617fe96)
org.apache.kerby:kerb-identity:1.0.1 (1 constraints: 5f0cb602)
org.apache.kerby:kerb-server:1.0.1 (1 constraints: d10b65f2)
org.apache.kerby:kerb-simplekdc:1.0.1 (1 constraints: af0c4910)
org.apache.kerby:kerb-util:1.0.1 (2 constraints: 1718f1a8)
org.apache.kerby:kerby-asn1:1.0.1 (1 constraints: fd0be9f4)
org.apache.kerby:kerby-config:1.0.1 (4 constraints: 4d3182b9)
org.apache.kerby:kerby-pkix:1.0.1 (1 constraints: 710bfce4)
org.apache.kerby:kerby-util:1.0.1 (2 constraints: 6518bdb6)
org.apache.kerby:kerby-xdr:1.0.1 (1 constraints: d10b65f2)
org.apache.kerby:token-provider:1.0.1 (1 constraints: 470c5e01)
org.apache.yetus:audience-annotations:0.5.0 (2 constraints: ee1ce7f4)
org.apache.zookeeper:zookeeper:3.5.6 (2 constraints: 4c1ae43c)
org.apache.zookeeper:zookeeper-jute:3.5.6 (1 constraints: 8e0d3a28)
org.checkerframework:checker-qual:3.5.0 (1 constraints: 1a0af9b4)
org.codehaus.jackson:jackson-core-asl:1.9.13 (5 constraints: ea428e3d)
org.codehaus.jackson:jackson-jaxrs:1.9.2 (1 constraints: da0befeb)
org.codehaus.jackson:jackson-mapper-asl:1.9.13 (4 constraints: fa31b6d4)
org.codehaus.jackson:jackson-xc:1.9.2 (1 constraints: da0befeb)
org.codehaus.jettison:jettison:1.1 (1 constraints: 720b65d4)
org.codehaus.woodstox:stax2-api:3.1.4 (2 constraints: ba1d4a4d)
org.eclipse.jetty:jetty-http:9.4.20.v20190813 (1 constraints: fa0f31cd)
org.eclipse.jetty:jetty-io:9.4.20.v20190813 (2 constraints: 1c1f1767)
org.eclipse.jetty:jetty-security:9.4.20.v20190813 (1 constraints: 681020e2)
org.eclipse.jetty:jetty-server:9.4.20.v20190813 (2 constraints: d9206c0b)
org.eclipse.jetty:jetty-servlet:9.4.20.v20190813 (2 constraints: e01fafbe)
org.eclipse.jetty:jetty-util:9.4.20.v20190813 (4 constraints: 0e3c7673)
org.eclipse.jetty:jetty-webapp:9.4.20.v20190813 (1 constraints: ff0fd9d3)
org.eclipse.jetty:jetty-xml:9.4.20.v20190813 (1 constraints: e20ffeca)
org.immutables:value:2.8.8 (1 constraints: 14051536)
org.openjdk.jmh:jmh-core:1.22 (2 constraints: eb1529d8)
org.openjdk.jmh:jmh-generator-annprocess:1.22 (1 constraints: d904f530)
org.ow2.asm:asm:9.0 (3 constraints: 1b183ba3)
org.slf4j:slf4j-api:1.7.30 (8 constraints: de59684e)
org.slf4j:slf4j-log4j12:1.7.30 (3 constraints: 6c284bcd)
org.xerial.snappy:snappy-java:1.0.5 (1 constraints: 4e09a79c)

[Test dependencies]
com.google.code.findbugs:annotations:3.0.1 (1 constraints: 9e0aafc3)
junit:junit:4.13.1 (1 constraints: 3b05453b)
net.bytebuddy:byte-buddy:1.10.15 (1 constraints: 720ba5e9)
net.bytebuddy:byte-buddy-agent:1.10.15 (1 constraints: 720ba5e9)
net.jcip:jcip-annotations:1.0 (1 constraints: 560ff165)
org.apache-extras.beanshell:bsh:2.0b6 (1 constraints: ac07626b)
org.assertj:assertj-core:3.16.1 (1 constraints: 3d05483b)
org.hamcrest:hamcrest:2.1 (2 constraints: 8512932d)
org.hamcrest:hamcrest-core:2.1 (2 constraints: 88126e10)
org.hamcrest:hamcrest-library:2.1 (1 constraints: 1507415c)
org.jmock:jmock:2.12.0 (1 constraints: 3705353b)
org.jmock:jmock-testjar:2.12.0 (1 constraints: a507a272)
org.mockito:mockito-core:3.5.15 (1 constraints: 40054a3b)
org.objenesis:objenesis:3.1 (1 constraints: b00a12bd)
