# Run ./gradlew --write-locks to regenerate this file
com.google.code.findbugs:jsr305:3.0.2 (3 constraints: 7c2a16b0)
com.google.errorprone:error_prone_annotations:2.18.0 (5 constraints: ab491998)
com.google.guava:failureaccess:1.0.1 (1 constraints: 140ae1b4)
com.google.guava:guava:32.1.0-jre (1 constraints: a6065b53)
com.google.guava:listenablefuture:9999.0-empty-to-avoid-conflict-with-guava (1 constraints: bd17c918)
com.google.j2objc:j2objc-annotations:2.8 (1 constraints: be09f5a0)
com.palantir.safe-logging:logger:3.5.0 (1 constraints: 0a050936)
com.palantir.safe-logging:logger-slf4j:3.5.0 (1 constraints: 030e6242)
com.palantir.safe-logging:logger-spi:3.5.0 (2 constraints: 151e387b)
com.palantir.safe-logging:preconditions:3.5.0 (2 constraints: 361925b5)
com.palantir.safe-logging:safe-logging:3.5.0 (5 constraints: b6471a0a)
com.palantir.seek-io:seek-io:1.3.0 (1 constraints: 0605f935)
commons-logging:commons-logging:1.1.3 (1 constraints: b0102eb8)
net.java.dev.jna:jna:5.13.0 (1 constraints: d70ebc64)
org.apache.commons:commons-crypto:1.2.0 (1 constraints: 0505f635)
org.apache.hadoop:hadoop-client-api:3.3.4 (2 constraints: c01565e0)
org.apache.hadoop:hadoop-client-runtime:3.3.4 (1 constraints: 0c050736)
org.checkerframework:checker-qual:3.33.0 (1 constraints: 4b0a46bf)
org.immutables:value:2.9.3 (1 constraints: 10051336)
org.jetbrains:annotations:24.0.1 (1 constraints: 331164d1)
org.slf4j:slf4j-api:1.7.36 (2 constraints: 32215f9d)
org.xerial.snappy:snappy-java:1.1.8.2 (2 constraints: 5f203863)

[Test dependencies]
com.google.code.findbugs:annotations:3.0.1 (1 constraints: 9e0aafc3)
com.palantir.safe-logging:preconditions-assertj:3.5.0 (1 constraints: 0a050936)
net.bytebuddy:byte-buddy:1.14.5 (2 constraints: c116a74f)
net.bytebuddy:byte-buddy-agent:1.14.5 (1 constraints: 450b43de)
net.jcip:jcip-annotations:1.0 (1 constraints: 560ff165)
net.sf.jopt-simple:jopt-simple:5.0.4 (1 constraints: be0ad6cc)
org.apache-extras.beanshell:bsh:2.0b6 (1 constraints: ac07626b)
org.apache.commons:commons-math3:3.6.1 (2 constraints: 670ffb89)
org.apiguardian:apiguardian-api:1.1.2 (5 constraints: 105480ac)
org.assertj:assertj-core:3.24.2 (2 constraints: 9c1928df)
org.hamcrest:hamcrest:2.1 (2 constraints: 8512932d)
org.hamcrest:hamcrest-core:2.1 (1 constraints: bd0cc6ff)
org.hamcrest:hamcrest-library:2.1 (1 constraints: 1507415c)
org.jmock:jmock:2.12.0 (1 constraints: 3705353b)
org.jmock:jmock-testjar:2.12.0 (1 constraints: a507a272)
org.junit.jupiter:junit-jupiter:5.9.3 (1 constraints: 13052236)
org.junit.jupiter:junit-jupiter-api:5.9.3 (5 constraints: 5943a2b7)
org.junit.jupiter:junit-jupiter-engine:5.9.3 (1 constraints: 0e0ee33b)
org.junit.jupiter:junit-jupiter-params:5.9.3 (2 constraints: 2013e43c)
org.junit.platform:junit-platform-commons:1.9.3 (2 constraints: e120754b)
org.junit.platform:junit-platform-engine:1.9.3 (1 constraints: ad102bb4)
org.mockito:mockito-core:5.4.0 (2 constraints: ce135265)
org.mockito:mockito-junit-jupiter:5.4.0 (1 constraints: 0b051036)
org.objenesis:objenesis:3.3 (1 constraints: b20a14bd)
org.openjdk.jmh:jmh-core:1.36 (2 constraints: f51525d9)
org.openjdk.jmh:jmh-generator-annprocess:1.36 (1 constraints: de04fb30)
org.opentest4j:opentest4j:1.2.0 (2 constraints: cd205b49)
org.ow2.asm:asm:9.5 (2 constraints: cb0bbdef)
