# Run ./gradlew --write-locks to regenerate this file
com.google.code.findbugs:jsr305:3.0.2 (3 constraints: 7c2a16b0)
com.google.errorprone:error_prone_annotations:2.7.1 (1 constraints: 1c0afbb4)
com.google.guava:failureaccess:1.0.1 (1 constraints: 140ae1b4)
com.google.guava:guava:31.0.1-jre (1 constraints: a5065053)
com.google.guava:listenablefuture:9999.0-empty-to-avoid-conflict-with-guava (1 constraints: bd17c918)
com.google.j2objc:j2objc-annotations:1.3 (1 constraints: b809eda0)
com.palantir.seek-io:seek-io:1.3.0 (1 constraints: 0605f935)
commons-logging:commons-logging:1.1.3 (1 constraints: b0102eb8)
net.sf.jopt-simple:jopt-simple:4.6 (1 constraints: 610a91b7)
org.apache.commons:commons-math3:3.6.1 (2 constraints: 670ffb89)
org.apache.hadoop:hadoop-client-api:3.3.1 (2 constraints: ba15cfdf)
org.apache.hadoop:hadoop-client-runtime:3.3.1 (1 constraints: 09050436)
org.apache.htrace:htrace-core4:4.1.0-incubating (1 constraints: 01158a88)
org.checkerframework:checker-qual:3.12.0 (1 constraints: 480a3bbf)
org.immutables:value:2.8.8 (1 constraints: 14051536)
org.openjdk.jmh:jmh-core:1.33 (2 constraints: ef158fd8)
org.openjdk.jmh:jmh-generator-annprocess:1.33 (1 constraints: db04f830)
org.slf4j:slf4j-api:1.7.32 (2 constraints: 24166905)

[Test dependencies]
com.google.code.findbugs:annotations:3.0.1 (1 constraints: 9e0aafc3)
junit:junit:4.13.2 (1 constraints: 3c05463b)
net.bytebuddy:byte-buddy:1.11.13 (1 constraints: 710ba7e9)
net.bytebuddy:byte-buddy-agent:1.11.13 (1 constraints: 710ba7e9)
net.jcip:jcip-annotations:1.0 (1 constraints: 560ff165)
org.apache-extras.beanshell:bsh:2.0b6 (1 constraints: ac07626b)
org.assertj:assertj-core:3.21.0 (1 constraints: 38053c3b)
org.hamcrest:hamcrest:2.1 (2 constraints: 8512932d)
org.hamcrest:hamcrest-core:2.1 (2 constraints: 88126e10)
org.hamcrest:hamcrest-library:2.1 (1 constraints: 1507415c)
org.jmock:jmock:2.12.0 (1 constraints: 3705353b)
org.jmock:jmock-testjar:2.12.0 (1 constraints: a507a272)
org.mockito:mockito-core:3.12.4 (1 constraints: 3c053f3b)
org.objenesis:objenesis:3.2 (1 constraints: b10a13bd)
org.ow2.asm:asm:9.2 (2 constraints: c80b78ef)
